
Microsoft Visual Studio Solution File, Format Version 12.00
# Visual Studio Version 18
VisualStudioVersion = 18.3.11310.294
MinimumVisualStudioVersion = 10.0.40219.1
Project("{FAE04EC0-301F-11D3-BF4B-00C04F79EFBC}") = "Gym.Domain", "Gym.Domain\Gym.Domain.csproj", "{832CEDD6-3C1B-4C00-8D5B-B233CAA21DFD}"
EndProject
Project("{FAE04EC0-301F-11D3-BF4B-00C04F79EFBC}") = "Gym.Application", "Gym.Application\Gym.Application.csproj", "{369B17D7-62E1-4A91-A809-872D1B3585C5}"
EndProject
Project("{FAE04EC0-301F-11D3-BF4B-00C04F79EFBC}") = "Gym.Infrastructure", "Gym.Infrastructure\Gym.Infrastructure.csproj", "{00BAC64F-1E36-45FA-9648-FDB96ED03826}"
EndProject
Project("{FAE04EC0-301F-11D3-BF4B-00C04F79EFBC}") = "Gym.API", "Gym.API\Gym.API.csproj", "{6306B488-2D08-401E-BEC9-0417441178E6}"
EndProject
Project("{2150E333-8FDC-42A3-9474-1A3956D46DE8}") = "Docs", "Docs", "{D29C0725-A2B1-45ED-AD2F-CD2497C98E00}"
EndProject
Project("{2150E333-8FDC-42A3-9474-1A3956D46DE8}") = "BRD", "BRD", "{F4A1C3B9-DDAB-4FDE-8D9C-9730C0941A40}"
	ProjectSection(SolutionItems) = preProject
		BusinessRequirementsDocument.txt = BusinessRequirementsDocument.txt
	EndProjectSection
EndProject
Global
	GlobalSection(SolutionConfigurationPlatforms) = preSolution
		Debug|Any CPU = Debug|Any CPU
		Debug|x64 = Debug|x64
		Debug|x86 = Debug|x86
		Release|Any CPU = Release|Any CPU
		Release|x64 = Release|x64
		Release|x86 = Release|x86
	EndGlobalSection
	GlobalSection(ProjectConfigurationPlatforms) = postSolution
		{832CEDD6-3C1B-4C00-8D5B-B233CAA21DFD}.Debug|Any CPU.ActiveCfg = Debug|Any CPU
		{832CEDD6-3C1B-4C00-8D5B-B233CAA21DFD}.Debug|Any CPU.Build.0 = Debug|Any CPU
		{832CEDD6-3C1B-4C00-8D5B-B233CAA21DFD}.Debug|x64.ActiveCfg = Debug|Any CPU
		{832CEDD6-3C1B-4C00-8D5B-B233CAA21DFD}.Debug|x64.Build.0 = Debug|Any CPU
		{832CEDD6-3C1B-4C00-8D5B-B233CAA21DFD}.Debug|x86.ActiveCfg = Debug|Any CPU
		{832CEDD6-3C1B-4C00-8D5B-B233CAA21DFD}.Debug|x86.Build.0 = Debug|Any CPU
		{832CEDD6-3C1B-4C00-8D5B-B233CAA21DFD}.Release|Any CPU.ActiveCfg = Release|Any CPU
		{832CEDD6-3C1B-4C00-8D5B-B233CAA21DFD}.Release|Any CPU.Build.0 = Release|Any CPU
		{832CEDD6-3C1B-4C00-8D5B-B233CAA21DFD}.Release|x64.ActiveCfg = Release|Any CPU
		{832CEDD6-3C1B-4C00-8D5B-B233CAA21DFD}.Release|x64.Build.0 = Release|Any CPU
		{832CEDD6-3C1B-4C00-8D5B-B233CAA21DFD}.Release|x86.ActiveCfg = Release|Any CPU
		{832CEDD6-3C1B-4C00-8D5B-B233CAA21DFD}.Release|x86.Build.0 = Release|Any CPU
		{369B17D7-62E1-4A91-A809-872D1B3585C5}.Debug|Any CPU.ActiveCfg = Debug|Any CPU
		{369B17D7-62E1-4A91-A809-872D1B3585C5}.Debug|Any CPU.Build.0 = Debug|Any CPU
		{369B17D7-62E1-4A91-A809-872D1B3585C5}.Debug|x64.ActiveCfg = Debug|Any CPU
		{369B17D7-62E1-4A91-A809-872D1B3585C5}.Debug|x64.Build.0 = Debug|Any CPU
		{369B17D7-62E1-4A91-A809-872D1B3585C5}.Debug|x86.ActiveCfg = Debug|Any CPU
		{369B17D7-62E1-4A91-A809-872D1B3585C5}.Debug|x86.Build.0 = Debug|Any CPU
		{369B17D7-62E1-4A91-A809-872D1B3585C5}.Release|Any CPU.ActiveCfg = Release|Any CPU
		{369B17D7-62E1-4A91-A809-872D1B3585C5}.Release|Any CPU.Build.0 = Release|Any CPU
		{369B17D7-62E1-4A91-A809-872D1B3585C5}.Release|x64.ActiveCfg = Release|Any CPU
		{369B17D7-62E1-4A91-A809-872D1B3585C5}.Release|x64.Build.0 = Release|Any CPU
		{369B17D7-62E1-4A91-A809-872D1B3585C5}.Release|x86.ActiveCfg = Release|Any CPU
		{369B17D7-62E1-4A91-A809-872D1B3585C5}.Release|x86.Build.0 = Release|Any CPU
		{00BAC64F-1E36-45FA-9648-FDB96ED03826}.Debug|Any CPU.ActiveCfg = Debug|Any CPU
		{00BAC64F-1E36-45FA-9648-FDB96ED03826}.Debug|Any CPU.Build.0 = Debug|Any CPU
		{00BAC64F-1E36-45FA-9648-FDB96ED03826}.Debug|x64.ActiveCfg = Debug|Any CPU
		{00BAC64F-1E36-45FA-9648-FDB96ED03826}.Debug|x64.Build.0 = Debug|Any CPU
		{00BAC64F-1E36-45FA-9648-FDB96ED03826}.Debug|x86.ActiveCfg = Debug|Any CPU
		{00BAC64F-1E36-45FA-9648-FDB96ED03826}.Debug|x86.Build.0 = Debug|Any CPU
		{00BAC64F-1E36-45FA-9648-FDB96ED03826}.Release|Any CPU.ActiveCfg = Release|Any CPU
		{00BAC64F-1E36-45FA-9648-FDB96ED03826}.Release|Any CPU.Build.0 = Release|Any CPU
		{00BAC64F-1E36-45FA-9648-FDB96ED03826}.Release|x64.ActiveCfg = Release|Any CPU
		{00BAC64F-1E36-45FA-9648-FDB96ED03826}.Release|x64.Build.0 = Release|Any CPU
		{00BAC64F-1E36-45FA-9648-FDB96ED03826}.Release|x86.ActiveCfg = Release|Any CPU
		{00BAC64F-1E36-45FA-9648-FDB96ED03826}.Release|x86.Build.0 = Release|Any CPU
		{6306B488-2D08-401E-BEC9-0417441178E6}.Debug|Any CPU.ActiveCfg = Debug|Any CPU
		{6306B488-2D08-401E-BEC9-0417441178E6}.Debug|Any CPU.Build.0 = Debug|Any CPU
		{6306B488-2D08-401E-BEC9-0417441178E6}.Debug|x64.ActiveCfg = Debug|Any CPU
		{6306B488-2D08-401E-BEC9-0417441178E6}.Debug|x64.Build.0 = Debug|Any CPU
		{6306B488-2D08-401E-BEC9-0417441178E6}.Debug|x86.ActiveCfg = Debug|Any CPU
		{6306B488-2D08-401E-BEC9-0417441178E6}.Debug|x86.Build.0 = Debug|Any CPU
		{6306B488-2D08-401E-BEC9-0417441178E6}.Release|Any CPU.ActiveCfg = Release|Any CPU
		{6306B488-2D08-401E-BEC9-0417441178E6}.Release|Any CPU.Build.0 = Release|Any CPU
		{6306B488-2D08-401E-BEC9-0417441178E6}.Release|x64.ActiveCfg = Release|Any CPU
		{6306B488-2D08-401E-BEC9-0417441178E6}.Release|x64.Build.0 = Release|Any CPU
		{6306B488-2D08-401E-BEC9-0417441178E6}.Release|x86.ActiveCfg = Release|Any CPU
		{6306B488-2D08-401E-BEC9-0417441178E6}.Release|x86.Build.0 = Release|Any CPU
	EndGlobalSection
	GlobalSection(SolutionProperties) = preSolution
		HideSolutionNode = FALSE
	EndGlobalSection
	GlobalSection(NestedProjects) = preSolution
		{F4A1C3B9-DDAB-4FDE-8D9C-9730C0941A40} = {D29C0725-A2B1-45ED-AD2F-CD2497C98E00}
	EndGlobalSection
	GlobalSection(ExtensibilityGlobals) = postSolution
		SolutionGuid = {54E9907F-3D11-4538-A4D0-3B567703B093}
	EndGlobalSection
EndGlobal
